PODS:
  - Charts (3.6.0):
    - Charts/Core (= 3.6.0)
  - Charts/Core (3.6.0)
  - shared (1.0)

DEPENDENCIES:
  - Charts
  - shared (from `../shared`)

SPEC REPOS:
  trunk:
    - Charts

EXTERNAL SOURCES:
  shared:
    :path: "../shared"

SPEC CHECKSUMS:
  Charts: b1e3a1f5a1c9ba5394438ca3b91bd8c9076310af
  shared: 7e5bb3963fe6bd4de6f2c4da301b5f6251f84201

PODFILE CHECKSUM: 844e295fc0315424d874dd0fe3cc29ac1de92c96

COCOAPODS: 1.10.1
